
Microsoft Visual Studio Solution File, Format Version 12.00
# Visual Studio Version 16
VisualStudioVersion = 16.0.31321.278
MinimumVisualStudioVersion = 10.0.40219.1
Project("{FAE04EC0-301F-11D3-BF4B-00C04F79EFBC}") = "WindowsForms Plaque", "WindowsForms Plaque\WindowsForms Plaque.csproj", "{F02B49D2-62FD-4DFB-ADE2-BBEFD18E93B1}"
EndProject
Global
	GlobalSection(SolutionConfigurationPlatforms) = preSolution
		Debug|Any CPU = Debug|Any CPU
		Release|Any CPU = Release|Any CPU
	EndGlobalSection
	GlobalSection(ProjectConfigurationPlatforms) = postSolution
		{F02B49D2-62FD-4DFB-ADE2-BBEFD18E93B1}.Debug|Any CPU.ActiveCfg = Debug|Any CPU
		{F02B49D2-62FD-4DFB-ADE2-BBEFD18E93B1}.Debug|Any CPU.Build.0 = Debug|Any CPU
		{F02B49D2-62FD-4DFB-ADE2-BBEFD18E93B1}.Release|Any CPU.ActiveCfg = Release|Any CPU
		{F02B49D2-62FD-4DFB-ADE2-BBEFD18E93B1}.Release|Any CPU.Build.0 = Release|Any CPU
	EndGlobalSection
	GlobalSection(SolutionProperties) = preSolution
		HideSolutionNode = FALSE
	EndGlobalSection
	GlobalSection(ExtensibilityGlobals) = postSolution
		SolutionGuid = {C512DDD1-4A05-48FF-8EA7-B17951605B88}
	EndGlobalSection
EndGlobal
