
Microsoft Visual Studio Solution File, Format Version 12.00
# Visual Studio Version 16
VisualStudioVersion = 16.0.31229.75
MinimumVisualStudioVersion = 10.0.40219.1
Project("{9092AA53-FB77-4645-B42D-1CCCA6BD08BD}") = "Plaque Assay", "Plaque Assay\Plaque Assay.njsproj", "{FAFE4D43-1AD4-4107-9254-D4078D3F4599}"
EndProject
Global
	GlobalSection(SolutionConfigurationPlatforms) = preSolution
		Debug|Any CPU = Debug|Any CPU
		Release|Any CPU = Release|Any CPU
	EndGlobalSection
	GlobalSection(ProjectConfigurationPlatforms) = postSolution
		{FAFE4D43-1AD4-4107-9254-D4078D3F4599}.Debug|Any CPU.ActiveCfg = Debug|Any CPU
		{FAFE4D43-1AD4-4107-9254-D4078D3F4599}.Debug|Any CPU.Build.0 = Debug|Any CPU
		{FAFE4D43-1AD4-4107-9254-D4078D3F4599}.Release|Any CPU.ActiveCfg = Release|Any CPU
		{FAFE4D43-1AD4-4107-9254-D4078D3F4599}.Release|Any CPU.Build.0 = Release|Any CPU
	EndGlobalSection
	GlobalSection(SolutionProperties) = preSolution
		HideSolutionNode = FALSE
	EndGlobalSection
	GlobalSection(ExtensibilityGlobals) = postSolution
		SolutionGuid = {6D9CA454-177A-4857-A352-9DF8712C9C18}
	EndGlobalSection
EndGlobal
